
Microsoft Visual Studio Solution File, Format Version 12.00
# Visual Studio Version 17
VisualStudioVersion = 17.8.34322.80
MinimumVisualStudioVersion = 10.0.40219.1
Project("{FAE04EC0-301F-11D3-BF4B-00C04F79EFBC}") = "HotbarPlus", "HotbarPlus\HotbarPlus.csproj", "{0B60CD4D-011D-4CC9-A632-003A06B81B58}"
EndProject
Global
	GlobalSection(SolutionConfigurationPlatforms) = preSolution
		Debug|Any CPU = Debug|Any CPU
		Release|Any CPU = Release|Any CPU
	EndGlobalSection
	GlobalSection(ProjectConfigurationPlatforms) = postSolution
		{0B60CD4D-011D-4CC9-A632-003A06B81B58}.Debug|Any CPU.ActiveCfg = Debug|Any CPU
		{0B60CD4D-011D-4CC9-A632-003A06B81B58}.Debug|Any CPU.Build.0 = Debug|Any CPU
		{0B60CD4D-011D-4CC9-A632-003A06B81B58}.Release|Any CPU.ActiveCfg = Release|Any CPU
		{0B60CD4D-011D-4CC9-A632-003A06B81B58}.Release|Any CPU.Build.0 = Release|Any CPU
	EndGlobalSection
	GlobalSection(SolutionProperties) = preSolution
		HideSolutionNode = FALSE
	EndGlobalSection
	GlobalSection(ExtensibilityGlobals) = postSolution
		SolutionGuid = {A34515EF-2628-47CE-BF3C-DE2EE8B460F8}
	EndGlobalSection
EndGlobal
